
Microsoft Visual Studio Solution File, Format Version 12.00
# Visual Studio 15
VisualStudioVersion = 15.0.28307.572
MinimumVisualStudioVersion = 10.0.40219.1
Project("{FAE04EC0-301F-11D3-BF4B-00C04F79EFBC}") = "CrmBl", "CrmBl\CrmBl.csproj", "{4DF54F08-CE11-41C7-9302-F00C660AC76B}"
EndProject
Project("{FAE04EC0-301F-11D3-BF4B-00C04F79EFBC}") = "CrmUi", "CrmUi\CrmUi.csproj", "{B23D2738-D9B2-4F57-AC1B-1B49AD477AC0}"
EndProject
Global
	GlobalSection(SolutionConfigurationPlatforms) = preSolution
		Debug|Any CPU = Debug|Any CPU
		Release|Any CPU = Release|Any CPU
	EndGlobalSection
	GlobalSection(ProjectConfigurationPlatforms) = postSolution
		{4DF54F08-CE11-41C7-9302-F00C660AC76B}.Debug|Any CPU.ActiveCfg = Debug|Any CPU
		{4DF54F08-CE11-41C7-9302-F00C660AC76B}.Debug|Any CPU.Build.0 = Debug|Any CPU
		{4DF54F08-CE11-41C7-9302-F00C660AC76B}.Release|Any CPU.ActiveCfg = Release|Any CPU
		{4DF54F08-CE11-41C7-9302-F00C660AC76B}.Release|Any CPU.Build.0 = Release|Any CPU
		{B23D2738-D9B2-4F57-AC1B-1B49AD477AC0}.Debug|Any CPU.ActiveCfg = Debug|Any CPU
		{B23D2738-D9B2-4F57-AC1B-1B49AD477AC0}.Debug|Any CPU.Build.0 = Debug|Any CPU
		{B23D2738-D9B2-4F57-AC1B-1B49AD477AC0}.Release|Any CPU.ActiveCfg = Release|Any CPU
		{B23D2738-D9B2-4F57-AC1B-1B49AD477AC0}.Release|Any CPU.Build.0 = Release|Any CPU
	EndGlobalSection
	GlobalSection(SolutionProperties) = preSolution
		HideSolutionNode = FALSE
	EndGlobalSection
	GlobalSection(ExtensibilityGlobals) = postSolution
		SolutionGuid = {D4731647-8359-4DA1-82E0-6E306C3A113D}
	EndGlobalSection
EndGlobal
